// !$*UTF8*$!
{
	archiveVersion = 1;
	classes = {
	};
	objectVersion = 46;
	objects = {

/* Begin PBXBuildFile section */
		62AC1D3B201DC0BA00982BA8 /* PersonalityInsightsV3.framework in Frameworks */ = {isa = PBXBuildFile; fileRef = 62AC1D3A201DC0BA00982BA8 /* PersonalityInsightsV3.framework */; settings = {ATTRIBUTES = (Required, ); }; };
		62AC1D3C201DCDD400982BA8 /* PersonalityInsightsV3.framework in Frameworks */ = {isa = PBXBuildFile; fileRef = 62AC1D3A201DC0BA00982BA8 /* PersonalityInsightsV3.framework */; };
		62AC1D3D201DCDD400982BA8 /* PersonalityInsightsV3.framework in Embed Frameworks */ = {isa = PBXBuildFile; fileRef = 62AC1D3A201DC0BA00982BA8 /* PersonalityInsightsV3.framework */; settings = {ATTRIBUTES = (CodeSignOnCopy, RemoveHeadersOnCopy, ); }; };
		62AC1D40201E133000982BA8 /* InfoController.swift in Sources */ = {isa = PBXBuildFile; fileRef = 62AC1D3F201E133000982BA8 /* InfoController.swift */; };
		62AC1D4A201E139900982BA8 /* loading.gif in Resources */ = {isa = PBXBuildFile; fileRef = 62AC1D41201E139800982BA8 /* loading.gif */; };
		62AC1D4B201E139900982BA8 /* called.png in Resources */ = {isa = PBXBuildFile; fileRef = 62AC1D42201E139800982BA8 /* called.png */; };
		62AC1D4C201E139900982BA8 /* no.png in Resources */ = {isa = PBXBuildFile; fileRef = 62AC1D43201E139800982BA8 /* no.png */; };
		62AC1D4D201E139900982BA8 /* select.png in Resources */ = {isa = PBXBuildFile; fileRef = 62AC1D44201E139800982BA8 /* select.png */; };
		62AC1D4E201E139900982BA8 /* README.md in Resources */ = {isa = PBXBuildFile; fileRef = 62AC1D45201E139800982BA8 /* README.md */; };
		62AC1D51201E139900982BA8 /* no voice.png in Resources */ = {isa = PBXBuildFile; fileRef = 62AC1D48201E139900982BA8 /* no voice.png */; };
		62AC1D52201E139900982BA8 /* 911.png in Resources */ = {isa = PBXBuildFile; fileRef = 62AC1D49201E139900982BA8 /* 911.png */; };
		62AC1D55201E13A100982BA8 /* speech collect.png in Resources */ = {isa = PBXBuildFile; fileRef = 62AC1D53201E13A000982BA8 /* speech collect.png */; };
		62AC1D56201E13A100982BA8 /* start.png in Resources */ = {isa = PBXBuildFile; fileRef = 62AC1D54201E13A000982BA8 /* start.png */; };
		62AC1D5C201E13AC00982BA8 /* welcome.png in Resources */ = {isa = PBXBuildFile; fileRef = 62AC1D57201E13AB00982BA8 /* welcome.png */; };
		62AC1D5D201E13AC00982BA8 /* voice.png in Resources */ = {isa = PBXBuildFile; fileRef = 62AC1D58201E13AB00982BA8 /* voice.png */; };
		62AC1D5E201E13AC00982BA8 /* Untitled-1.gif in Resources */ = {isa = PBXBuildFile; fileRef = 62AC1D59201E13AB00982BA8 /* Untitled-1.gif */; };
		62AC1D5F201E13AC00982BA8 /* type.png in Resources */ = {isa = PBXBuildFile; fileRef = 62AC1D5A201E13AB00982BA8 /* type.png */; };
		62AC1D66201E204100982BA8 /* done 2.png in Resources */ = {isa = PBXBuildFile; fileRef = 62AC1D63201E204000982BA8 /* done 2.png */; };
		62AC1D67201E204100982BA8 /* no.png in Resources */ = {isa = PBXBuildFile; fileRef = 62AC1D64201E204000982BA8 /* no.png */; };
		62AC1D68201E204100982BA8 /* welcome back.png in Resources */ = {isa = PBXBuildFile; fileRef = 62AC1D65201E204100982BA8 /* welcome back.png */; };
		62AC1D6A201E233400982BA8 /* info.png in Resources */ = {isa = PBXBuildFile; fileRef = 62AC1D69201E233400982BA8 /* info.png */; };
		62AC1D6C201E239000982BA8 /* welcome back 2.png in Resources */ = {isa = PBXBuildFile; fileRef = 62AC1D6B201E239000982BA8 /* welcome back 2.png */; };
		642F51F9977D2B4C7F0C2B96 /* Pods_Simple_Chat.framework in Frameworks */ = {isa = PBXBuildFile; fileRef = 6F98792ECF89344B50C77911 /* Pods_Simple_Chat.framework */; };
		6800B9221EE218EC00F2BD7C /* AppDelegate.swift in Sources */ = {isa = PBXBuildFile; fileRef = 6800B9211EE218EC00F2BD7C /* AppDelegate.swift */; };
		6800B9241EE218EC00F2BD7C /* ViewController.swift in Sources */ = {isa = PBXBuildFile; fileRef = 6800B9231EE218EC00F2BD7C /* ViewController.swift */; };
		6800B9271EE218EC00F2BD7C /* Main.storyboard in Resources */ = {isa = PBXBuildFile; fileRef = 6800B9251EE218EC00F2BD7C /* Main.storyboard */; };
		6800B9291EE218EC00F2BD7C /* Assets.xcassets in Resources */ = {isa = PBXBuildFile; fileRef = 6800B9281EE218EC00F2BD7C /* Assets.xcassets */; };
		6800B92C1EE218EC00F2BD7C /* LaunchScreen.storyboard in Resources */ = {isa = PBXBuildFile; fileRef = 6800B92A1EE218EC00F2BD7C /* LaunchScreen.storyboard */; };
		681575191EE219C500E2F476 /* ConversationV1.framework in Frameworks */ = {isa = PBXBuildFile; fileRef = 681575151EE219C500E2F476 /* ConversationV1.framework */; };
		6815751B1EE219C500E2F476 /* SpeechToTextV1.framework in Frameworks */ = {isa = PBXBuildFile; fileRef = 681575171EE219C500E2F476 /* SpeechToTextV1.framework */; };
		6815751C1EE219C500E2F476 /* TextToSpeechV1.framework in Frameworks */ = {isa = PBXBuildFile; fileRef = 681575181EE219C500E2F476 /* TextToSpeechV1.framework */; };
		6815751E1EE219EC00E2F476 /* Credentials.swift in Sources */ = {isa = PBXBuildFile; fileRef = 6815751D1EE219EC00E2F476 /* Credentials.swift */; };
		681575201EE219F800E2F476 /* User.swift in Sources */ = {isa = PBXBuildFile; fileRef = 6815751F1EE219F800E2F476 /* User.swift */; };
		681AE98D200FCF060005C5C2 /* Starscream.framework in Frameworks */ = {isa = PBXBuildFile; fileRef = 681AE98C200FCF050005C5C2 /* Starscream.framework */; };
/* End PBXBuildFile section */

/* Begin PBXCopyFilesBuildPhase section */
		62AC1D3E201DCDD400982BA8 /* Embed Frameworks */ = {
			isa = PBXCopyFilesBuildPhase;
			buildActionMask = 2147483647;
			dstPath = "";
			dstSubfolderSpec = 10;
			files = (
				62AC1D3D201DCDD400982BA8 /* PersonalityInsightsV3.framework in Embed Frameworks */,
			);
			name = "Embed Frameworks";
			runOnlyForDeploymentPostprocessing = 0;
		};
/* End PBXCopyFilesBuildPhase section */

/* Begin PBXFileReference section */
		0C4EF683FECFFA3B813651AA /* Pods-Simple Chat.debug.xcconfig */ = {isa = PBXFileReference; includeInIndex = 1; lastKnownFileType = text.xcconfig; name = "Pods-Simple Chat.debug.xcconfig"; path = "Pods/Target Support Files/Pods-Simple Chat/Pods-Simple Chat.debug.xcconfig"; sourceTree = "<group>"; };
		62AC1D38201DC0A600982BA8 /* Build */ = {isa = PBXFileReference; lastKnownFileType = folder; name = Build; path = Carthage/Build; sourceTree = "<group>"; };
		62AC1D3A201DC0BA00982BA8 /* PersonalityInsightsV3.framework */ = {isa = PBXFileReference; lastKnownFileType = wrapper.framework; name = PersonalityInsightsV3.framework; path = Carthage/Build/iOS/PersonalityInsightsV3.framework; sourceTree = "<group>"; };
		62AC1D3F201E133000982BA8 /* InfoController.swift */ = {isa = PBXFileReference; lastKnownFileType = sourcecode.swift; path = InfoController.swift; sourceTree = "<group>"; };
		62AC1D41201E139800982BA8 /* loading.gif */ = {isa = PBXFileReference; lastKnownFileType = image.gif; name = loading.gif; path = ../../loading.gif; sourceTree = "<group>"; };
		62AC1D42201E139800982BA8 /* called.png */ = {isa = PBXFileReference; lastKnownFileType = image.png; name = called.png; path = ../../called.png; sourceTree = "<group>"; };
		62AC1D43201E139800982BA8 /* no.png */ = {isa = PBXFileReference; lastKnownFileType = image.png; name = no.png; path = ../../no.png; sourceTree = "<group>"; };
		62AC1D44201E139800982BA8 /* select.png */ = {isa = PBXFileReference; lastKnownFileType = image.png; name = select.png; path = ../../select.png; sourceTree = "<group>"; };
		62AC1D45201E139800982BA8 /* README.md */ = {isa = PBXFileReference; fileEncoding = 4; lastKnownFileType = net.daringfireball.markdown; name = README.md; path = ../../README.md; sourceTree = "<group>"; };
		62AC1D48201E139900982BA8 /* no voice.png */ = {isa = PBXFileReference; lastKnownFileType = image.png; name = "no voice.png"; path = "../../no voice.png"; sourceTree = "<group>"; };
		62AC1D49201E139900982BA8 /* 911.png */ = {isa = PBXFileReference; lastKnownFileType = image.png; name = 911.png; path = ../../911.png; sourceTree = "<group>"; };
		62AC1D53201E13A000982BA8 /* speech collect.png */ = {isa = PBXFileReference; lastKnownFileType = image.png; name = "speech collect.png"; path = "../../speech collect.png"; sourceTree = "<group>"; };
		62AC1D54201E13A000982BA8 /* start.png */ = {isa = PBXFileReference; lastKnownFileType = image.png; name = start.png; path = ../../start.png; sourceTree = "<group>"; };
		62AC1D57201E13AB00982BA8 /* welcome.png */ = {isa = PBXFileReference; lastKnownFileType = image.png; name = welcome.png; path = ../../welcome.png; sourceTree = "<group>"; };
		62AC1D58201E13AB00982BA8 /* voice.png */ = {isa = PBXFileReference; lastKnownFileType = image.png; name = voice.png; path = ../../voice.png; sourceTree = "<group>"; };
		62AC1D59201E13AB00982BA8 /* Untitled-1.gif */ = {isa = PBXFileReference; lastKnownFileType = image.gif; name = "Untitled-1.gif"; path = "../../Untitled-1.gif"; sourceTree = "<group>"; };
		62AC1D5A201E13AB00982BA8 /* type.png */ = {isa = PBXFileReference; lastKnownFileType = image.png; name = type.png; path = ../../type.png; sourceTree = "<group>"; };
		62AC1D63201E204000982BA8 /* done 2.png */ = {isa = PBXFileReference; lastKnownFileType = image.png; name = "done 2.png"; path = "../../../Downloads/done 2.png"; sourceTree = "<group>"; };
		62AC1D64201E204000982BA8 /* no.png */ = {isa = PBXFileReference; lastKnownFileType = image.png; name = no.png; path = ../../../Downloads/no.png; sourceTree = "<group>"; };
		62AC1D65201E204100982BA8 /* welcome back.png */ = {isa = PBXFileReference; lastKnownFileType = image.png; name = "welcome back.png"; path = "../../../Downloads/welcome back.png"; sourceTree = "<group>"; };
		62AC1D69201E233400982BA8 /* info.png */ = {isa = PBXFileReference; lastKnownFileType = image.png; name = info.png; path = ../../../Downloads/info.png; sourceTree = "<group>"; };
		62AC1D6B201E239000982BA8 /* welcome back 2.png */ = {isa = PBXFileReference; lastKnownFileType = image.png; name = "welcome back 2.png"; path = "../../../Downloads/welcome back 2.png"; sourceTree = "<group>"; };
		661949F74760477C68416846 /* Pods-Simple Chat.release.xcconfig */ = {isa = PBXFileReference; includeInIndex = 1; lastKnownFileType = text.xcconfig; name = "Pods-Simple Chat.release.xcconfig"; path = "Pods/Target Support Files/Pods-Simple Chat/Pods-Simple Chat.release.xcconfig"; sourceTree = "<group>"; };
		6800B91E1EE218EC00F2BD7C /* Clarety.app */ = {isa = PBXFileReference; explicitFileType = wrapper.application; includeInIndex = 0; path = Clarety.app; sourceTree = BUILT_PRODUCTS_DIR; };
		6800B9211EE218EC00F2BD7C /* AppDelegate.swift */ = {isa = PBXFileReference; lastKnownFileType = sourcecode.swift; path = AppDelegate.swift; sourceTree = "<group>"; };
		6800B9231EE218EC00F2BD7C /* ViewController.swift */ = {isa = PBXFileReference; lastKnownFileType = sourcecode.swift; path = ViewController.swift; sourceTree = "<group>"; };
		6800B9261EE218EC00F2BD7C /* Base */ = {isa = PBXFileReference; lastKnownFileType = file.storyboard; name = Base; path = Base.lproj/Main.storyboard; sourceTree = "<group>"; };
		6800B9281EE218EC00F2BD7C /* Assets.xcassets */ = {isa = PBXFileReference; lastKnownFileType = folder.assetcatalog; path = Assets.xcassets; sourceTree = "<group>"; };
		6800B92B1EE218EC00F2BD7C /* Base */ = {isa = PBXFileReference; lastKnownFileType = file.storyboard; name = Base; path = Base.lproj/LaunchScreen.storyboard; sourceTree = "<group>"; };
		6800B92D1EE218EC00F2BD7C /* Info.plist */ = {isa = PBXFileReference; lastKnownFileType = text.plist.xml; path = Info.plist; sourceTree = "<group>"; };
		681575151EE219C500E2F476 /* ConversationV1.framework */ = {isa = PBXFileReference; lastKnownFileType = wrapper.framework; name = ConversationV1.framework; path = Carthage/Build/iOS/ConversationV1.framework; sourceTree = "<group>"; };
		681575171EE219C500E2F476 /* SpeechToTextV1.framework */ = {isa = PBXFileReference; lastKnownFileType = wrapper.framework; name = SpeechToTextV1.framework; path = Carthage/Build/iOS/SpeechToTextV1.framework; sourceTree = "<group>"; };
		681575181EE219C500E2F476 /* TextToSpeechV1.framework */ = {isa = PBXFileReference; lastKnownFileType = wrapper.framework; name = TextToSpeechV1.framework; path = Carthage/Build/iOS/TextToSpeechV1.framework; sourceTree = "<group>"; };
		6815751D1EE219EC00E2F476 /* Credentials.swift */ = {isa = PBXFileReference; fileEncoding = 4; lastKnownFileType = sourcecode.swift; path = Credentials.swift; sourceTree = "<group>"; };
		6815751F1EE219F800E2F476 /* User.swift */ = {isa = PBXFileReference; fileEncoding = 4; lastKnownFileType = sourcecode.swift; path = User.swift; sourceTree = "<group>"; };
		681AE98C200FCF050005C5C2 /* Starscream.framework */ = {isa = PBXFileReference; lastKnownFileType = wrapper.framework; name = Starscream.framework; path = Carthage/Build/iOS/Starscream.framework; sourceTree = "<group>"; };
		6F98792ECF89344B50C77911 /* Pods_Simple_Chat.framework */ = {isa = PBXFileReference; explicitFileType = wrapper.framework; includeInIndex = 0; path = Pods_Simple_Chat.framework; sourceTree = BUILT_PRODUCTS_DIR; };
/* End PBXFileReference section */

/* Begin PBXFrameworksBuildPhase section */
		6800B91B1EE218EC00F2BD7C /* Frameworks */ = {
			isa = PBXFrameworksBuildPhase;
			buildActionMask = 2147483647;
			files = (
				62AC1D3B201DC0BA00982BA8 /* PersonalityInsightsV3.framework in Frameworks */,
				681AE98D200FCF060005C5C2 /* Starscream.framework in Frameworks */,
				6815751C1EE219C500E2F476 /* TextToSpeechV1.framework in Frameworks */,
				62AC1D3C201DCDD400982BA8 /* PersonalityInsightsV3.framework in Frameworks */,
				681575191EE219C500E2F476 /* ConversationV1.framework in Frameworks */,
				642F51F9977D2B4C7F0C2B96 /* Pods_Simple_Chat.framework in Frameworks */,
				6815751B1EE219C500E2F476 /* SpeechToTextV1.framework in Frameworks */,
			);
			runOnlyForDeploymentPostprocessing = 0;
		};
/* End PBXFrameworksBuildPhase section */

/* Begin PBXGroup section */
		08A90DF464073694DDEB93A2 /* Pods */ = {
			isa = PBXGroup;
			children = (
				0C4EF683FECFFA3B813651AA /* Pods-Simple Chat.debug.xcconfig */,
				661949F74760477C68416846 /* Pods-Simple Chat.release.xcconfig */,
			);
			name = Pods;
			sourceTree = "<group>";
		};
		0C0EFA4E2492FE6BEF29F089 /* Frameworks */ = {
			isa = PBXGroup;
			children = (
				62AC1D3A201DC0BA00982BA8 /* PersonalityInsightsV3.framework */,
				62AC1D38201DC0A600982BA8 /* Build */,
				681AE98C200FCF050005C5C2 /* Starscream.framework */,
				681575151EE219C500E2F476 /* ConversationV1.framework */,
				681575171EE219C500E2F476 /* SpeechToTextV1.framework */,
				681575181EE219C500E2F476 /* TextToSpeechV1.framework */,
				6F98792ECF89344B50C77911 /* Pods_Simple_Chat.framework */,
			);
			name = Frameworks;
			sourceTree = "<group>";
		};
		6800B9151EE218EC00F2BD7C = {
			isa = PBXGroup;
			children = (
				6800B9201EE218EC00F2BD7C /* Clarety */,
				6800B91F1EE218EC00F2BD7C /* Products */,
				08A90DF464073694DDEB93A2 /* Pods */,
				0C0EFA4E2492FE6BEF29F089 /* Frameworks */,
			);
			sourceTree = "<group>";
		};
		6800B91F1EE218EC00F2BD7C /* Products */ = {
			isa = PBXGroup;
			children = (
				6800B91E1EE218EC00F2BD7C /* Clarety.app */,
			);
			name = Products;
			sourceTree = "<group>";
		};
		6800B9201EE218EC00F2BD7C /* Clarety */ = {
			isa = PBXGroup;
			children = (
				6800B9211EE218EC00F2BD7C /* AppDelegate.swift */,
				6800B9231EE218EC00F2BD7C /* ViewController.swift */,
				62AC1D3F201E133000982BA8 /* InfoController.swift */,
				6815751F1EE219F800E2F476 /* User.swift */,
				62AC1D49201E139900982BA8 /* 911.png */,
				62AC1D42201E139800982BA8 /* called.png */,
				62AC1D41201E139800982BA8 /* loading.gif */,
				62AC1D53201E13A000982BA8 /* speech collect.png */,
				62AC1D54201E13A000982BA8 /* start.png */,
				62AC1D48201E139900982BA8 /* no voice.png */,
				62AC1D69201E233400982BA8 /* info.png */,
				62AC1D43201E139800982BA8 /* no.png */,
				62AC1D63201E204000982BA8 /* done 2.png */,
				62AC1D64201E204000982BA8 /* no.png */,
				62AC1D65201E204100982BA8 /* welcome back.png */,
				62AC1D6B201E239000982BA8 /* welcome back 2.png */,
				62AC1D45201E139800982BA8 /* README.md */,
				62AC1D44201E139800982BA8 /* select.png */,
				6815751D1EE219EC00E2F476 /* Credentials.swift */,
				62AC1D5A201E13AB00982BA8 /* type.png */,
				62AC1D59201E13AB00982BA8 /* Untitled-1.gif */,
				62AC1D58201E13AB00982BA8 /* voice.png */,
				62AC1D57201E13AB00982BA8 /* welcome.png */,
				6800B9251EE218EC00F2BD7C /* Main.storyboard */,
				6800B9281EE218EC00F2BD7C /* Assets.xcassets */,
				6800B92A1EE218EC00F2BD7C /* LaunchScreen.storyboard */,
				6800B92D1EE218EC00F2BD7C /* Info.plist */,
			);
			path = Clarety;
			sourceTree = "<group>";
		};
/* End PBXGroup section */

/* Begin PBXNativeTarget section */
		6800B91D1EE218EC00F2BD7C /* Clarety */ = {
			isa = PBXNativeTarget;
			buildConfigurationList = 6800B9301EE218EC00F2BD7C /* Build configuration list for PBXNativeTarget "Clarety" */;
			buildPhases = (
				DE3A6E7750D00E3677900A08 /* [CP] Check Pods Manifest.lock */,
				6800B91A1EE218EC00F2BD7C /* Sources */,
				6800B91B1EE218EC00F2BD7C /* Frameworks */,
				6800B91C1EE218EC00F2BD7C /* Resources */,
				B7DADF0B81766F4245C893C4 /* [CP] Embed Pods Frameworks */,
				768FA63A501AE9EC526A9C43 /* [CP] Copy Pods Resources */,
				681575211EE21A2100E2F476 /* ShellScript */,
				62AC1D3E201DCDD400982BA8 /* Embed Frameworks */,
			);
			buildRules = (
			);
			dependencies = (
			);
			name = Clarety;
			productName = "Simple Chat";
			productReference = 6800B91E1EE218EC00F2BD7C /* Clarety.app */;
			productType = "com.apple.product-type.application";
		};
/* End PBXNativeTarget section */

/* Begin PBXProject section */
		6800B9161EE218EC00F2BD7C /* Project object */ = {
			isa = PBXProject;
			attributes = {
				LastSwiftUpdateCheck = 0830;
				LastUpgradeCheck = 0830;
				ORGANIZATIONNAME = "Glenn R. Fisher";
				TargetAttributes = {
					6800B91D1EE218EC00F2BD7C = {
						CreatedOnToolsVersion = 8.3.2;
						DevelopmentTeam = D8UG8635F8;
						ProvisioningStyle = Automatic;
					};
				};
			};
			buildConfigurationList = 6800B9191EE218EC00F2BD7C /* Build configuration list for PBXProject "Clarety" */;
			compatibilityVersion = "Xcode 3.2";
			developmentRegion = English;
			hasScannedForEncodings = 0;
			knownRegions = (
				en,
				Base,
			);
			mainGroup = 6800B9151EE218EC00F2BD7C;
			productRefGroup = 6800B91F1EE218EC00F2BD7C /* Products */;
			projectDirPath = "";
			projectRoot = "";
			targets = (
				6800B91D1EE218EC00F2BD7C /* Clarety */,
			);
		};
/* End PBXProject section */

/* Begin PBXResourcesBuildPhase section */
		6800B91C1EE218EC00F2BD7C /* Resources */ = {
			isa = PBXResourcesBuildPhase;
			buildActionMask = 2147483647;
			files = (
				62AC1D4C201E139900982BA8 /* no.png in Resources */,
				62AC1D67201E204100982BA8 /* no.png in Resources */,
				62AC1D6A201E233400982BA8 /* info.png in Resources */,
				62AC1D5D201E13AC00982BA8 /* voice.png in Resources */,
				6800B92C1EE218EC00F2BD7C /* LaunchScreen.storyboard in Resources */,
				62AC1D4A201E139900982BA8 /* loading.gif in Resources */,
				62AC1D6C201E239000982BA8 /* welcome back 2.png in Resources */,
				62AC1D4D201E139900982BA8 /* select.png in Resources */,
				62AC1D5C201E13AC00982BA8 /* welcome.png in Resources */,
				62AC1D66201E204100982BA8 /* done 2.png in Resources */,
				62AC1D56201E13A100982BA8 /* start.png in Resources */,
				62AC1D5E201E13AC00982BA8 /* Untitled-1.gif in Resources */,
				6800B9291EE218EC00F2BD7C /* Assets.xcassets in Resources */,
				62AC1D5F201E13AC00982BA8 /* type.png in Resources */,
				6800B9271EE218EC00F2BD7C /* Main.storyboard in Resources */,
				62AC1D68201E204100982BA8 /* welcome back.png in Resources */,
				62AC1D4E201E139900982BA8 /* README.md in Resources */,
				62AC1D52201E139900982BA8 /* 911.png in Resources */,
				62AC1D55201E13A100982BA8 /* speech collect.png in Resources */,
				62AC1D4B201E139900982BA8 /* called.png in Resources */,
				62AC1D51201E139900982BA8 /* no voice.png in Resources */,
			);
			runOnlyForDeploymentPostprocessing = 0;
		};
/* End PBXResourcesBuildPhase section */

/* Begin PBXShellScriptBuildPhase section */
		681575211EE21A2100E2F476 /* ShellScript */ = {
			isa = PBXShellScriptBuildPhase;
			buildActionMask = 2147483647;
			files = (
			);
			inputPaths = (
				"$(SRCROOT)/Carthage/Build/iOS/TextToSpeechV1.framework",
				"$(SRCROOT)/Carthage/Build/iOS/SpeechToTextV1.framework",
				"$(SRCROOT)/Carthage/Build/iOS/ConversationV1.framework",
				"$(SRCROOT)/Carthage/Build/iOS/Starscream.framework",
			);
			outputPaths = (
			);
			runOnlyForDeploymentPostprocessing = 0;
			shellPath = /bin/sh;
			shellScript = "/usr/local/bin/carthage copy-frameworks";
		};
		768FA63A501AE9EC526A9C43 /* [CP] Copy Pods Resources */ = {
			isa = PBXShellScriptBuildPhase;
			buildActionMask = 2147483647;
			files = (
			);
			inputPaths = (
			);
			name = "[CP] Copy Pods Resources";
			outputPaths = (
			);
			runOnlyForDeploymentPostprocessing = 0;
			shellPath = /bin/sh;
			shellScript = "\"${SRCROOT}/Pods/Target Support Files/Pods-Simple Chat/Pods-Simple Chat-resources.sh\"\n";
			showEnvVarsInLog = 0;
		};
		B7DADF0B81766F4245C893C4 /* [CP] Embed Pods Frameworks */ = {
			isa = PBXShellScriptBuildPhase;
			buildActionMask = 2147483647;
			files = (
			);
			inputPaths = (
				"${SRCROOT}/Pods/Target Support Files/Pods-Simple Chat/Pods-Simple Chat-frameworks.sh",
				"${BUILT_PRODUCTS_DIR}/JSQMessagesViewController/JSQMessagesViewController.framework",
				"${BUILT_PRODUCTS_DIR}/JSQSystemSoundPlayer/JSQSystemSoundPlayer.framework",
			);
			name = "[CP] Embed Pods Frameworks";
			outputPaths = (
				"${TARGET_BUILD_DIR}/${FRAMEWORKS_FOLDER_PATH}/JSQMessagesViewController.framework",
				"${TARGET_BUILD_DIR}/${FRAMEWORKS_FOLDER_PATH}/JSQSystemSoundPlayer.framework",
			);
			runOnlyForDeploymentPostprocessing = 0;
			shellPath = /bin/sh;
			shellScript = "\"${SRCROOT}/Pods/Target Support Files/Pods-Simple Chat/Pods-Simple Chat-frameworks.sh\"\n";
			showEnvVarsInLog = 0;
		};
		DE3A6E7750D00E3677900A08 /* [CP] Check Pods Manifest.lock */ = {
			isa = PBXShellScriptBuildPhase;
			buildActionMask = 2147483647;
			files = (
			);
			inputPaths = (
				"${PODS_PODFILE_DIR_PATH}/Podfile.lock",
				"${PODS_ROOT}/Manifest.lock",
			);
			name = "[CP] Check Pods Manifest.lock";
			outputPaths = (
				"$(DERIVED_FILE_DIR)/Pods-Simple Chat-checkManifestLockResult.txt",
			);
			runOnlyForDeploymentPostprocessing = 0;
			shellPath = /bin/sh;
			shellScript = "diff \"${PODS_PODFILE_DIR_PATH}/Podfile.lock\" \"${PODS_ROOT}/Manifest.lock\" > /dev/null\nif [ $? != 0 ] ; then\n    # print error to STDERR\n    echo \"error: The sandbox is not in sync with the Podfile.lock. Run 'pod install' or update your CocoaPods installation.\" >&2\n    exit 1\nfi\n# This output is used by Xcode 'outputs' to avoid re-running this script phase.\necho \"SUCCESS\" > \"${SCRIPT_OUTPUT_FILE_0}\"\n";
			showEnvVarsInLog = 0;
		};
/* End PBXShellScriptBuildPhase section */

/* Begin PBXSourcesBuildPhase section */
		6800B91A1EE218EC00F2BD7C /* Sources */ = {
			isa = PBXSourcesBuildPhase;
			buildActionMask = 2147483647;
			files = (
				681575201EE219F800E2F476 /* User.swift in Sources */,
				6815751E1EE219EC00E2F476 /* Credentials.swift in Sources */,
				6800B9241EE218EC00F2BD7C /* ViewController.swift in Sources */,
				6800B9221EE218EC00F2BD7C /* AppDelegate.swift in Sources */,
				62AC1D40201E133000982BA8 /* InfoController.swift in Sources */,
			);
			runOnlyForDeploymentPostprocessing = 0;
		};
/* End PBXSourcesBuildPhase section */

/* Begin PBXVariantGroup section */
		6800B9251EE218EC00F2BD7C /* Main.storyboard */ = {
			isa = PBXVariantGroup;
			children = (
				6800B9261EE218EC00F2BD7C /* Base */,
			);
			name = Main.storyboard;
			sourceTree = "<group>";
		};
		6800B92A1EE218EC00F2BD7C /* LaunchScreen.storyboard */ = {
			isa = PBXVariantGroup;
			children = (
				6800B92B1EE218EC00F2BD7C /* Base */,
			);
			name = LaunchScreen.storyboard;
			sourceTree = "<group>";
		};
/* End PBXVariantGroup section */

/* Begin XCBuildConfiguration section */
		6800B92E1EE218EC00F2BD7C /* Debug */ = {
			isa = XCBuildConfiguration;
			buildSettings = {
				ALWAYS_SEARCH_USER_PATHS = NO;
				CLANG_ANALYZER_NONNULL = YES;
				CLANG_ANALYZER_NUMBER_OBJECT_CONVERSION = YES_AGGRESSIVE;
				CLANG_CXX_LANGUAGE_STANDARD = "gnu++0x";
				CLANG_CXX_LIBRARY = "libc++";
				CLANG_ENABLE_MODULES = YES;
				CLANG_ENABLE_OBJC_ARC = YES;
				CLANG_WARN_BOOL_CONVERSION = YES;
				CLANG_WARN_CONSTANT_CONVERSION = YES;
				CLANG_WARN_DIRECT_OBJC_ISA_USAGE = YES_ERROR;
				CLANG_WARN_DOCUMENTATION_COMMENTS = YES;
				CLANG_WARN_EMPTY_BODY = YES;
				CLANG_WARN_ENUM_CONVERSION = YES;
				CLANG_WARN_INFINITE_RECURSION = YES;
				CLANG_WARN_INT_CONVERSION = YES;
				CLANG_WARN_OBJC_ROOT_CLASS = YES_ERROR;
				CLANG_WARN_SUSPICIOUS_MOVE = YES;
				CLANG_WARN_UNREACHABLE_CODE = YES;
				CLANG_WARN__DUPLICATE_METHOD_MATCH = YES;
				"CODE_SIGN_IDENTITY[sdk=iphoneos*]" = "iPhone Developer";
				COPY_PHASE_STRIP = NO;
				DEBUG_INFORMATION_FORMAT = dwarf;
				ENABLE_STRICT_OBJC_MSGSEND = YES;
				ENABLE_TESTABILITY = YES;
				GCC_C_LANGUAGE_STANDARD = gnu99;
				GCC_DYNAMIC_NO_PIC = NO;
				GCC_NO_COMMON_BLOCKS = YES;
				GCC_OPTIMIZATION_LEVEL = 0;
				GCC_PREPROCESSOR_DEFINITIONS = (
					"DEBUG=1",
					"$(inherited)",
				);
				GCC_WARN_64_TO_32_BIT_CONVERSION = YES;
				GCC_WARN_ABOUT_RETURN_TYPE = YES_ERROR;
				GCC_WARN_UNDECLARED_SELECTOR = YES;
				GCC_WARN_UNINITIALIZED_AUTOS = YES_AGGRESSIVE;
				GCC_WARN_UNUSED_FUNCTION = YES;
				GCC_WARN_UNUSED_VARIABLE = YES;
				IPHONEOS_DEPLOYMENT_TARGET = 10.3;
				MTL_ENABLE_DEBUG_INFO = YES;
				ONLY_ACTIVE_ARCH = YES;
				SDKROOT = iphoneos;
				SWIFT_ACTIVE_COMPILATION_CONDITIONS = DEBUG;
				SWIFT_OPTIMIZATION_LEVEL = "-Onone";
				SWIFT_VERSION = 4.0;
				TARGETED_DEVICE_FAMILY = "1,2";
			};
			name = Debug;
		};
		6800B92F1EE218EC00F2BD7C /* Release */ = {
			isa = XCBuildConfiguration;
			buildSettings = {
				ALWAYS_SEARCH_USER_PATHS = NO;
				CLANG_ANALYZER_NONNULL = YES;
				CLANG_ANALYZER_NUMBER_OBJECT_CONVERSION = YES_AGGRESSIVE;
				CLANG_CXX_LANGUAGE_STANDARD = "gnu++0x";
				CLANG_CXX_LIBRARY = "libc++";
				CLANG_ENABLE_MODULES = YES;
				CLANG_ENABLE_OBJC_ARC = YES;
				CLANG_WARN_BOOL_CONVERSION = YES;
				CLANG_WARN_CONSTANT_CONVERSION = YES;
				CLANG_WARN_DIRECT_OBJC_ISA_USAGE = YES_ERROR;
				CLANG_WARN_DOCUMENTATION_COMMENTS = YES;
				CLANG_WARN_EMPTY_BODY = YES;
				CLANG_WARN_ENUM_CONVERSION = YES;
				CLANG_WARN_INFINITE_RECURSION = YES;
				CLANG_WARN_INT_CONVERSION = YES;
				CLANG_WARN_OBJC_ROOT_CLASS = YES_ERROR;
				CLANG_WARN_SUSPICIOUS_MOVE = YES;
				CLANG_WARN_UNREACHABLE_CODE = YES;
				CLANG_WARN__DUPLICATE_METHOD_MATCH = YES;
				"CODE_SIGN_IDENTITY[sdk=iphoneos*]" = "iPhone Developer";
				COPY_PHASE_STRIP = NO;
				DEBUG_INFORMATION_FORMAT = "dwarf-with-dsym";
				ENABLE_NS_ASSERTIONS = NO;
				ENABLE_STRICT_OBJC_MSGSEND = YES;
				GCC_C_LANGUAGE_STANDARD = gnu99;
				GCC_NO_COMMON_BLOCKS = YES;
				GCC_WARN_64_TO_32_BIT_CONVERSION = YES;
				GCC_WARN_ABOUT_RETURN_TYPE = YES_ERROR;
				GCC_WARN_UNDECLARED_SELECTOR = YES;
				GCC_WARN_UNINITIALIZED_AUTOS = YES_AGGRESSIVE;
				GCC_WARN_UNUSED_FUNCTION = YES;
				GCC_WARN_UNUSED_VARIABLE = YES;
				IPHONEOS_DEPLOYMENT_TARGET = 10.3;
				MTL_ENABLE_DEBUG_INFO = NO;
				SDKROOT = iphoneos;
				SWIFT_OPTIMIZATION_LEVEL = "-Owholemodule";
				SWIFT_VERSION = 4.0;
				TARGETED_DEVICE_FAMILY = "1,2";
				VALIDATE_PRODUCT = YES;
			};
			name = Release;
		};
		6800B9311EE218EC00F2BD7C /* Debug */ = {
			isa = XCBuildConfiguration;
			baseConfigurationReference = 0C4EF683FECFFA3B813651AA /* Pods-Simple Chat.debug.xcconfig */;
			buildSettings = {
				ASSETCATALOG_COMPILER_APPICON_NAME = AppIcon;
				DEVELOPMENT_TEAM = D8UG8635F8;
				FRAMEWORK_SEARCH_PATHS = (
					"$(inherited)",
					"$(PROJECT_DIR)/Carthage/Build/iOS",
				);
				INFOPLIST_FILE = "$(SRCROOT)/Clarety/Info.plist";
				LD_RUNPATH_SEARCH_PATHS = "$(inherited) @executable_path/Frameworks";
				PRODUCT_BUNDLE_IDENTIFIER = com.Clarety;
				PRODUCT_NAME = "$(TARGET_NAME)";
				SWIFT_VERSION = 4.0;
			};
			name = Debug;
		};
		6800B9321EE218EC00F2BD7C /* Release */ = {
			isa = XCBuildConfiguration;
			baseConfigurationReference = 661949F74760477C68416846 /* Pods-Simple Chat.release.xcconfig */;
			buildSettings = {
				ASSETCATALOG_COMPILER_APPICON_NAME = AppIcon;
				DEVELOPMENT_TEAM = D8UG8635F8;
				FRAMEWORK_SEARCH_PATHS = (
					"$(inherited)",
					"$(PROJECT_DIR)/Carthage/Build/iOS",
				);
				INFOPLIST_FILE = "$(SRCROOT)/Clarety/Info.plist";
				LD_RUNPATH_SEARCH_PATHS = "$(inherited) @executable_path/Frameworks";
				PRODUCT_BUNDLE_IDENTIFIER = com.Clarety;
				PRODUCT_NAME = "$(TARGET_NAME)";
				SWIFT_VERSION = 4.0;
			};
			name = Release;
		};
/* End XCBuildConfiguration section */

/* Begin XCConfigurationList section */
		6800B9191EE218EC00F2BD7C /* Build configuration list for PBXProject "Clarety" */ = {
			isa = XCConfigurationList;
			buildConfigurations = (
				6800B92E1EE218EC00F2BD7C /* Debug */,
				6800B92F1EE218EC00F2BD7C /* Release */,
			);
			defaultConfigurationIsVisible = 0;
			defaultConfigurationName = Release;
		};
		6800B9301EE218EC00F2BD7C /* Build configuration list for PBXNativeTarget "Clarety" */ = {
			isa = XCConfigurationList;
			buildConfigurations = (
				6800B9311EE218EC00F2BD7C /* Debug */,
				6800B9321EE218EC00F2BD7C /* Release */,
			);
			defaultConfigurationIsVisible = 0;
			defaultConfigurationName = Release;
		};
/* End XCConfigurationList section */
	};
	rootObject = 6800B9161EE218EC00F2BD7C /* Project object */;
}
